Microsoft Visual Studio Solution File, Format Version 10.00
# Visual Studio 2008

Project("{078431C3-4DBF-C34F-CF7E-DAE1B81A5B70}") = "urban_survivors", "urban_survivors.csproj", "{F64BD92C-9956-44B8-4D2D-90CEB1DF3F5B}"
EndProject
Global
	GlobalSection(SolutionConfigurationPlatforms) = preSolution
		Debug|Any CPU = Debug|Any CPU
		Release|Any CPU = Release|Any CPU
	EndGlobalSection
	GlobalSection(ProjectConfigurationPlatforms) = postSolution
		{F64BD92C-9956-44B8-4D2D-90CEB1DF3F5B}.Debug|Any CPU.ActiveCfg = Debug|Any CPU
		{F64BD92C-9956-44B8-4D2D-90CEB1DF3F5B}.Debug|Any CPU.Build.0 = Debug|Any CPU
		{F64BD92C-9956-44B8-4D2D-90CEB1DF3F5B}.Release|Any CPU.ActiveCfg = Release|Any CPU
		{F64BD92C-9956-44B8-4D2D-90CEB1DF3F5B}.Release|Any CPU.Build.0 = Release|Any CPU
	EndGlobalSection
	GlobalSection(SolutionProperties) = preSolution
		HideSolutionNode = FALSE
	EndGlobalSection
	
EndGlobal
